
Microsoft Visual Studio Solution File, Format Version 12.00
# Visual Studio Version 17
VisualStudioVersion = 17.0.31903.59
MinimumVisualStudioVersion = 10.0.40219.1
Project("{2150E333-8FDC-42A3-9474-1A3956D46DE8}") = "src", "src", "{C25E1B4C-8C62-4A8A-9777-B988BC55CFD9}"
EndProject
Project("{FAE04EC0-301F-11D3-BF4B-00C04F79EFBC}") = "a2alib", "src\a2alib\a2alib.csproj", "{3E4E18F9-3926-4C40-9EC3-811DD1F2A46B}"
EndProject
Project("{FAE04EC0-301F-11D3-BF4B-00C04F79EFBC}") = "a2atests", "test\a2atests\a2atests.csproj", "{84373987-EC96-4597-92AF-D9EDE23E15AC}"
EndProject
Project("{FAE04EC0-301F-11D3-BF4B-00C04F79EFBC}") = "a2aAspNet", "src\a2a.AspNetCore\a2a.AspNetCore.csproj", "{2D42C61D-7FF2-432B-8C03-C2A3ED645042}"
EndProject
Project("{2150E333-8FDC-42A3-9474-1A3956D46DE8}") = "samples", "samples", "{402C1323-6567-472E-88A9-2271D8A66AC9}"
EndProject
Project("{FAE04EC0-301F-11D3-BF4B-00C04F79EFBC}") = "researcher", "samples\AgentServer\AgentServer.csproj", "{CC0EEE4D-CF54-4AF9-AAA6-E91209973D1E}"
EndProject
Project("{FAE04EC0-301F-11D3-BF4B-00C04F79EFBC}") = "DomFactory", "src\DomFactory\DomFactory.csproj", "{1E97DADA-DA27-4D1D-A245-D787236C2D2B}"
EndProject
Global
	GlobalSection(SolutionConfigurationPlatforms) = preSolution
		Debug|Any CPU = Debug|Any CPU
		Release|Any CPU = Release|Any CPU
	EndGlobalSection
	GlobalSection(SolutionProperties) = preSolution
		HideSolutionNode = FALSE
	EndGlobalSection
	GlobalSection(ProjectConfigurationPlatforms) = postSolution
		{3E4E18F9-3926-4C40-9EC3-811DD1F2A46B}.Debug|Any CPU.ActiveCfg = Debug|Any CPU
		{3E4E18F9-3926-4C40-9EC3-811DD1F2A46B}.Debug|Any CPU.Build.0 = Debug|Any CPU
		{3E4E18F9-3926-4C40-9EC3-811DD1F2A46B}.Release|Any CPU.ActiveCfg = Release|Any CPU
		{3E4E18F9-3926-4C40-9EC3-811DD1F2A46B}.Release|Any CPU.Build.0 = Release|Any CPU
		{84373987-EC96-4597-92AF-D9EDE23E15AC}.Debug|Any CPU.ActiveCfg = Debug|Any CPU
		{84373987-EC96-4597-92AF-D9EDE23E15AC}.Debug|Any CPU.Build.0 = Debug|Any CPU
		{84373987-EC96-4597-92AF-D9EDE23E15AC}.Release|Any CPU.ActiveCfg = Release|Any CPU
		{84373987-EC96-4597-92AF-D9EDE23E15AC}.Release|Any CPU.Build.0 = Release|Any CPU
		{2D42C61D-7FF2-432B-8C03-C2A3ED645042}.Debug|Any CPU.ActiveCfg = Debug|Any CPU
		{2D42C61D-7FF2-432B-8C03-C2A3ED645042}.Debug|Any CPU.Build.0 = Debug|Any CPU
		{2D42C61D-7FF2-432B-8C03-C2A3ED645042}.Release|Any CPU.ActiveCfg = Release|Any CPU
		{2D42C61D-7FF2-432B-8C03-C2A3ED645042}.Release|Any CPU.Build.0 = Release|Any CPU
		{CC0EEE4D-CF54-4AF9-AAA6-E91209973D1E}.Debug|Any CPU.ActiveCfg = Debug|Any CPU
		{CC0EEE4D-CF54-4AF9-AAA6-E91209973D1E}.Debug|Any CPU.Build.0 = Debug|Any CPU
		{CC0EEE4D-CF54-4AF9-AAA6-E91209973D1E}.Release|Any CPU.ActiveCfg = Release|Any CPU
		{CC0EEE4D-CF54-4AF9-AAA6-E91209973D1E}.Release|Any CPU.Build.0 = Release|Any CPU
		{1E97DADA-DA27-4D1D-A245-D787236C2D2B}.Debug|Any CPU.ActiveCfg = Debug|Any CPU
		{1E97DADA-DA27-4D1D-A245-D787236C2D2B}.Debug|Any CPU.Build.0 = Debug|Any CPU
		{1E97DADA-DA27-4D1D-A245-D787236C2D2B}.Release|Any CPU.ActiveCfg = Release|Any CPU
		{1E97DADA-DA27-4D1D-A245-D787236C2D2B}.Release|Any CPU.Build.0 = Release|Any CPU
	EndGlobalSection
	GlobalSection(NestedProjects) = preSolution
		{3E4E18F9-3926-4C40-9EC3-811DD1F2A46B} = {C25E1B4C-8C62-4A8A-9777-B988BC55CFD9}
		{84373987-EC96-4597-92AF-D9EDE23E15AC} = {C25E1B4C-8C62-4A8A-9777-B988BC55CFD9}
		{2D42C61D-7FF2-432B-8C03-C2A3ED645042} = {C25E1B4C-8C62-4A8A-9777-B988BC55CFD9}
		{CC0EEE4D-CF54-4AF9-AAA6-E91209973D1E} = {402C1323-6567-472E-88A9-2271D8A66AC9}
		{1E97DADA-DA27-4D1D-A245-D787236C2D2B} = {C25E1B4C-8C62-4A8A-9777-B988BC55CFD9}
	EndGlobalSection
EndGlobal
